
Microsoft Visual Studio Solution File, Format Version 12.00
# Visual Studio Version 17
VisualStudioVersion = 17.3.32922.545
MinimumVisualStudioVersion = 10.0.40219.1
Project("{8BC9CEB8-8B4A-11D0-8D11-00A0C91BC942}") = "homework_5_3", "homework_5_3.vcxproj", "{FF9CAD21-3E85-459A-B9BD-7338C0036865}"
EndProject
Global
	GlobalSection(SolutionConfigurationPlatforms) = preSolution
		Debug|x64 = Debug|x64
		Debug|x86 = Debug|x86
		Release|x64 = Release|x64
		Release|x86 = Release|x86
	EndGlobalSection
	GlobalSection(ProjectConfigurationPlatforms) = postSolution
		{FF9CAD21-3E85-459A-B9BD-7338C0036865}.Debug|x64.ActiveCfg = Debug|x64
		{FF9CAD21-3E85-459A-B9BD-7338C0036865}.Debug|x64.Build.0 = Debug|x64
		{FF9CAD21-3E85-459A-B9BD-7338C0036865}.Debug|x86.ActiveCfg = Debug|Win32
		{FF9CAD21-3E85-459A-B9BD-7338C0036865}.Debug|x86.Build.0 = Debug|Win32
		{FF9CAD21-3E85-459A-B9BD-7338C0036865}.Release|x64.ActiveCfg = Release|x64
		{FF9CAD21-3E85-459A-B9BD-7338C0036865}.Release|x64.Build.0 = Release|x64
		{FF9CAD21-3E85-459A-B9BD-7338C0036865}.Release|x86.ActiveCfg = Release|Win32
		{FF9CAD21-3E85-459A-B9BD-7338C0036865}.Release|x86.Build.0 = Release|Win32
	EndGlobalSection
	GlobalSection(SolutionProperties) = preSolution
		HideSolutionNode = FALSE
	EndGlobalSection
	GlobalSection(ExtensibilityGlobals) = postSolution
		SolutionGuid = {2DED7DDD-FC00-42F3-9790-6F39A7F50DA6}
	EndGlobalSection
EndGlobal
