
Microsoft Visual Studio Solution File, Format Version 12.00
# Visual Studio Version 17
VisualStudioVersion = 17.4.33205.214
MinimumVisualStudioVersion = 10.0.40219.1
Project("{8BC9CEB8-8B4A-11D0-8D11-00A0C91BC942}") = "homework_8_1", "homework_8_1.vcxproj", "{F574C3B2-B792-42BE-812F-04BD4AFD429E}"
EndProject
Global
	GlobalSection(SolutionConfigurationPlatforms) = preSolution
		Debug|x64 = Debug|x64
		Debug|x86 = Debug|x86
		Release|x64 = Release|x64
		Release|x86 = Release|x86
	EndGlobalSection
	GlobalSection(ProjectConfigurationPlatforms) = postSolution
		{F574C3B2-B792-42BE-812F-04BD4AFD429E}.Debug|x64.ActiveCfg = Debug|x64
		{F574C3B2-B792-42BE-812F-04BD4AFD429E}.Debug|x64.Build.0 = Debug|x64
		{F574C3B2-B792-42BE-812F-04BD4AFD429E}.Debug|x86.ActiveCfg = Debug|Win32
		{F574C3B2-B792-42BE-812F-04BD4AFD429E}.Debug|x86.Build.0 = Debug|Win32
		{F574C3B2-B792-42BE-812F-04BD4AFD429E}.Release|x64.ActiveCfg = Release|x64
		{F574C3B2-B792-42BE-812F-04BD4AFD429E}.Release|x64.Build.0 = Release|x64
		{F574C3B2-B792-42BE-812F-04BD4AFD429E}.Release|x86.ActiveCfg = Release|Win32
		{F574C3B2-B792-42BE-812F-04BD4AFD429E}.Release|x86.Build.0 = Release|Win32
	EndGlobalSection
	GlobalSection(SolutionProperties) = preSolution
		HideSolutionNode = FALSE
	EndGlobalSection
	GlobalSection(ExtensibilityGlobals) = postSolution
		SolutionGuid = {8F86B035-6AAA-492D-8779-D0890184DDDD}
	EndGlobalSection
EndGlobal
