
Microsoft Visual Studio Solution File, Format Version 12.00
# Visual Studio Version 17
VisualStudioVersion = 17.3.32922.545
MinimumVisualStudioVersion = 10.0.40219.1
Project("{8BC9CEB8-8B4A-11D0-8D11-00A0C91BC942}") = "homework_6_3", "homework_6_3.vcxproj", "{52FA8AF9-D3FF-406B-B811-9FF8451D9DC7}"
EndProject
Global
	GlobalSection(SolutionConfigurationPlatforms) = preSolution
		Debug|x64 = Debug|x64
		Debug|x86 = Debug|x86
		Release|x64 = Release|x64
		Release|x86 = Release|x86
	EndGlobalSection
	GlobalSection(ProjectConfigurationPlatforms) = postSolution
		{52FA8AF9-D3FF-406B-B811-9FF8451D9DC7}.Debug|x64.ActiveCfg = Debug|x64
		{52FA8AF9-D3FF-406B-B811-9FF8451D9DC7}.Debug|x64.Build.0 = Debug|x64
		{52FA8AF9-D3FF-406B-B811-9FF8451D9DC7}.Debug|x86.ActiveCfg = Debug|Win32
		{52FA8AF9-D3FF-406B-B811-9FF8451D9DC7}.Debug|x86.Build.0 = Debug|Win32
		{52FA8AF9-D3FF-406B-B811-9FF8451D9DC7}.Release|x64.ActiveCfg = Release|x64
		{52FA8AF9-D3FF-406B-B811-9FF8451D9DC7}.Release|x64.Build.0 = Release|x64
		{52FA8AF9-D3FF-406B-B811-9FF8451D9DC7}.Release|x86.ActiveCfg = Release|Win32
		{52FA8AF9-D3FF-406B-B811-9FF8451D9DC7}.Release|x86.Build.0 = Release|Win32
	EndGlobalSection
	GlobalSection(SolutionProperties) = preSolution
		HideSolutionNode = FALSE
	EndGlobalSection
	GlobalSection(ExtensibilityGlobals) = postSolution
		SolutionGuid = {005FA16D-8C51-454A-8B58-23037572114A}
	EndGlobalSection
EndGlobal
