
Microsoft Visual Studio Solution File, Format Version 12.00
# Visual Studio Version 17
VisualStudioVersion = 17.3.32922.545
MinimumVisualStudioVersion = 10.0.40219.1
Project("{8BC9CEB8-8B4A-11D0-8D11-00A0C91BC942}") = "homework_5_1", "homework_5_1.vcxproj", "{24B9673E-5904-44A7-BA54-0C3EA41ED0A9}"
EndProject
Global
	GlobalSection(SolutionConfigurationPlatforms) = preSolution
		Debug|x64 = Debug|x64
		Debug|x86 = Debug|x86
		Release|x64 = Release|x64
		Release|x86 = Release|x86
	EndGlobalSection
	GlobalSection(ProjectConfigurationPlatforms) = postSolution
		{24B9673E-5904-44A7-BA54-0C3EA41ED0A9}.Debug|x64.ActiveCfg = Debug|x64
		{24B9673E-5904-44A7-BA54-0C3EA41ED0A9}.Debug|x64.Build.0 = Debug|x64
		{24B9673E-5904-44A7-BA54-0C3EA41ED0A9}.Debug|x86.ActiveCfg = Debug|Win32
		{24B9673E-5904-44A7-BA54-0C3EA41ED0A9}.Debug|x86.Build.0 = Debug|Win32
		{24B9673E-5904-44A7-BA54-0C3EA41ED0A9}.Release|x64.ActiveCfg = Release|x64
		{24B9673E-5904-44A7-BA54-0C3EA41ED0A9}.Release|x64.Build.0 = Release|x64
		{24B9673E-5904-44A7-BA54-0C3EA41ED0A9}.Release|x86.ActiveCfg = Release|Win32
		{24B9673E-5904-44A7-BA54-0C3EA41ED0A9}.Release|x86.Build.0 = Release|Win32
	EndGlobalSection
	GlobalSection(SolutionProperties) = preSolution
		HideSolutionNode = FALSE
	EndGlobalSection
	GlobalSection(ExtensibilityGlobals) = postSolution
		SolutionGuid = {DD8080F3-2DAF-4401-B9F1-34BFA3A0E457}
	EndGlobalSection
EndGlobal
